
Microsoft Visual Studio Solution File, Format Version 12.00
# Visual Studio Version 17
VisualStudioVersion = 17.11.35222.181
MinimumVisualStudioVersion = 10.0.40219.1
Project("{FAE04EC0-301F-11D3-BF4B-00C04F79EFBC}") = "Zadanie2", "Zadanie2\Zadanie2.csproj", "{730DFD3C-899B-428F-B324-739B655315B9}"
EndProject
Global
	GlobalSection(SolutionConfigurationPlatforms) = preSolution
		Debug|Any CPU = Debug|Any CPU
		Release|Any CPU = Release|Any CPU
	EndGlobalSection
	GlobalSection(ProjectConfigurationPlatforms) = postSolution
		{730DFD3C-899B-428F-B324-739B655315B9}.Debug|Any CPU.ActiveCfg = Debug|Any CPU
		{730DFD3C-899B-428F-B324-739B655315B9}.Debug|Any CPU.Build.0 = Debug|Any CPU
		{730DFD3C-899B-428F-B324-739B655315B9}.Release|Any CPU.ActiveCfg = Release|Any CPU
		{730DFD3C-899B-428F-B324-739B655315B9}.Release|Any CPU.Build.0 = Release|Any CPU
	EndGlobalSection
	GlobalSection(SolutionProperties) = preSolution
		HideSolutionNode = FALSE
	EndGlobalSection
	GlobalSection(ExtensibilityGlobals) = postSolution
		SolutionGuid = {6CD26681-6599-4B0A-9D34-3BD52216DA82}
	EndGlobalSection
EndGlobal
